
Microsoft Visual Studio Solution File, Format Version 12.00
# Visual Studio 2012
Project("{FAE04EC0-301F-11D3-BF4B-00C04F79EFBC}") = "MvcApplicationTest", "MvcApplicationTest\MvcApplicationTest.csproj", "{914A507A-66AF-4E32-8A00-BFAC19E55F73}"
EndProject
Project("{FAE04EC0-301F-11D3-BF4B-00C04F79EFBC}") = "MvcApplicationTest02", "MvcApplicationTest02\MvcApplicationTest02.csproj", "{A687BC80-203B-4328-A99C-D16F59934D54}"
EndProject
Global
	GlobalSection(SolutionConfigurationPlatforms) = preSolution
		Debug|Any CPU = Debug|Any CPU
		Release|Any CPU = Release|Any CPU
	EndGlobalSection
	GlobalSection(ProjectConfigurationPlatforms) = postSolution
		{914A507A-66AF-4E32-8A00-BFAC19E55F73}.Debug|Any CPU.ActiveCfg = Debug|Any CPU
		{914A507A-66AF-4E32-8A00-BFAC19E55F73}.Debug|Any CPU.Build.0 = Debug|Any CPU
		{914A507A-66AF-4E32-8A00-BFAC19E55F73}.Release|Any CPU.ActiveCfg = Release|Any CPU
		{914A507A-66AF-4E32-8A00-BFAC19E55F73}.Release|Any CPU.Build.0 = Release|Any CPU
		{A687BC80-203B-4328-A99C-D16F59934D54}.Debug|Any CPU.ActiveCfg = Debug|Any CPU
		{A687BC80-203B-4328-A99C-D16F59934D54}.Debug|Any CPU.Build.0 = Debug|Any CPU
		{A687BC80-203B-4328-A99C-D16F59934D54}.Release|Any CPU.ActiveCfg = Release|Any CPU
		{A687BC80-203B-4328-A99C-D16F59934D54}.Release|Any CPU.Build.0 = Release|Any CPU
	EndGlobalSection
	GlobalSection(SolutionProperties) = preSolution
		HideSolutionNode = FALSE
	EndGlobalSection
EndGlobal
